
Microsoft Visual Studio Solution File, Format Version 12.00
# Visual Studio Version 17
VisualStudioVersion = 17.9.34902.65
MinimumVisualStudioVersion = 10.0.40219.1
Project("{FAE04EC0-301F-11D3-BF4B-00C04F79EFBC}") = "ExceptionHandlingDemoCSharp-47", "ExceptionHandlingDemoCSharp-47\ExceptionHandlingDemoCSharp-47.csproj", "{BEEB99CB-00DD-40AE-AD14-F50322D39E36}"
EndProject
Global
	GlobalSection(SolutionConfigurationPlatforms) = preSolution
		Debug|Any CPU = Debug|Any CPU
		Release|Any CPU = Release|Any CPU
	EndGlobalSection
	GlobalSection(ProjectConfigurationPlatforms) = postSolution
		{BEEB99CB-00DD-40AE-AD14-F50322D39E36}.Debug|Any CPU.ActiveCfg = Debug|Any CPU
		{BEEB99CB-00DD-40AE-AD14-F50322D39E36}.Debug|Any CPU.Build.0 = Debug|Any CPU
		{BEEB99CB-00DD-40AE-AD14-F50322D39E36}.Release|Any CPU.ActiveCfg = Release|Any CPU
		{BEEB99CB-00DD-40AE-AD14-F50322D39E36}.Release|Any CPU.Build.0 = Release|Any CPU
	EndGlobalSection
	GlobalSection(SolutionProperties) = preSolution
		HideSolutionNode = FALSE
	EndGlobalSection
	GlobalSection(ExtensibilityGlobals) = postSolution
		SolutionGuid = {7C1BB3DA-21A7-4430-8973-7AEBD4CB0F5D}
	EndGlobalSection
EndGlobal
